
Microsoft Visual Studio Solution File, Format Version 12.00
# Visual Studio Version 17
VisualStudioVersion = 17.0.31903.59
MinimumVisualStudioVersion = 10.0.40219.1
Project("{2150E333-8FDC-42A3-9474-1A3956D46DE8}") = "src", "src", "{827E0CD3-B72D-47B6-A68D-7590B98EB39B}"
EndProject
Project("{FAE04EC0-301F-11D3-BF4B-00C04F79EFBC}") = "CurrencySystem.Contracts", "src\CurrencySystem.Contracts\CurrencySystem.Contracts.csproj", "{E12ADDAA-975C-4A43-8D88-32AA590128A4}"
EndProject
Project("{2150E333-8FDC-42A3-9474-1A3956D46DE8}") = "UserService", "UserService", "{CB753486-031C-08A7-C788-4C8CBC49DED1}"
EndProject
Project("{FAE04EC0-301F-11D3-BF4B-00C04F79EFBC}") = "CurrencySystem.UserService.Domain", "src\UserService\CurrencySystem.UserService.Domain\CurrencySystem.UserService.Domain.csproj", "{FE8FE8DB-E4DB-47A1-84BB-CF3851315C58}"
EndProject
Project("{FAE04EC0-301F-11D3-BF4B-00C04F79EFBC}") = "CurrencySystem.UserService.Application", "src\UserService\CurrencySystem.UserService.Application\CurrencySystem.UserService.Application.csproj", "{2C0A560A-CB6A-41DD-926C-D19DEA95B95A}"
EndProject
Project("{FAE04EC0-301F-11D3-BF4B-00C04F79EFBC}") = "CurrencySystem.UserService.Infrastructure", "src\UserService\CurrencySystem.UserService.Infrastructure\CurrencySystem.UserService.Infrastructure.csproj", "{DA5735E5-2F4D-490B-A1A4-7719F26BD1C4}"
EndProject
Project("{FAE04EC0-301F-11D3-BF4B-00C04F79EFBC}") = "CurrencySystem.UserService.API", "src\UserService\CurrencySystem.UserService.API\CurrencySystem.UserService.API.csproj", "{3DB187DB-0F97-4FC7-8D0B-F5C40692B74C}"
EndProject
Project("{2150E333-8FDC-42A3-9474-1A3956D46DE8}") = "FinanceService", "FinanceService", "{C8A81FA1-00A6-A89E-D121-D71451D98C8A}"
EndProject
Project("{FAE04EC0-301F-11D3-BF4B-00C04F79EFBC}") = "CurrencySystem.FinanceService.Domain", "src\FinanceService\CurrencySystem.FinanceService.Domain\CurrencySystem.FinanceService.Domain.csproj", "{0F1EB05F-877D-447A-AC97-C5AC1BD1D18D}"
EndProject
Project("{FAE04EC0-301F-11D3-BF4B-00C04F79EFBC}") = "CurrencySystem.FinanceService.Application", "src\FinanceService\CurrencySystem.FinanceService.Application\CurrencySystem.FinanceService.Application.csproj", "{C493B527-74AD-4959-901D-CB2A929977AC}"
EndProject
Project("{FAE04EC0-301F-11D3-BF4B-00C04F79EFBC}") = "CurrencySystem.FinanceService.Infrastructure", "src\FinanceService\CurrencySystem.FinanceService.Infrastructure\CurrencySystem.FinanceService.Infrastructure.csproj", "{DB2CC1D5-30A6-461C-88BF-BD23687EB138}"
EndProject
Project("{FAE04EC0-301F-11D3-BF4B-00C04F79EFBC}") = "CurrencySystem.FinanceService.API", "src\FinanceService\CurrencySystem.FinanceService.API\CurrencySystem.FinanceService.API.csproj", "{52D47711-12E4-4D62-9F37-40E3BAB9A6BD}"
EndProject
Project("{FAE04EC0-301F-11D3-BF4B-00C04F79EFBC}") = "CurrencySystem.CurrencyParser", "src\CurrencySystem.CurrencyParser\CurrencySystem.CurrencyParser.csproj", "{9CD11685-BB5E-4CE9-8E79-29E98C3F21A6}"
EndProject
Project("{FAE04EC0-301F-11D3-BF4B-00C04F79EFBC}") = "CurrencySystem.DbMigrator", "src\CurrencySystem.DbMigrator\CurrencySystem.DbMigrator.csproj", "{EB2F6F6D-4C54-4BAD-8F1A-5C4D32002217}"
EndProject
Project("{FAE04EC0-301F-11D3-BF4B-00C04F79EFBC}") = "CurrencySystem.ApiGateway", "src\CurrencySystem.ApiGateway\CurrencySystem.ApiGateway.csproj", "{B392861F-7DA8-4442-B83D-9032B1718160}"
EndProject
Project("{2150E333-8FDC-42A3-9474-1A3956D46DE8}") = "tests", "tests", "{0AB3BF05-4346-4AA6-1389-037BE0695223}"
EndProject
Project("{FAE04EC0-301F-11D3-BF4B-00C04F79EFBC}") = "CurrencySystem.UserService.UnitTests", "tests\CurrencySystem.UserService.UnitTests\CurrencySystem.UserService.UnitTests.csproj", "{3E1E0388-A047-439D-8D87-5A9036557835}"
EndProject
Project("{FAE04EC0-301F-11D3-BF4B-00C04F79EFBC}") = "CurrencySystem.FinanceService.UnitTests", "tests\CurrencySystem.FinanceService.UnitTests\CurrencySystem.FinanceService.UnitTests.csproj", "{35F986CB-CEEF-4176-B76E-C07F91CD9787}"
EndProject
Global
	GlobalSection(SolutionConfigurationPlatforms) = preSolution
		Debug|Any CPU = Debug|Any CPU
		Debug|x64 = Debug|x64
		Debug|x86 = Debug|x86
		Release|Any CPU = Release|Any CPU
		Release|x64 = Release|x64
		Release|x86 = Release|x86
	EndGlobalSection
	GlobalSection(ProjectConfigurationPlatforms) = postSolution
		{E12ADDAA-975C-4A43-8D88-32AA590128A4}.Debug|Any CPU.ActiveCfg = Debug|Any CPU
		{E12ADDAA-975C-4A43-8D88-32AA590128A4}.Debug|Any CPU.Build.0 = Debug|Any CPU
		{E12ADDAA-975C-4A43-8D88-32AA590128A4}.Debug|x64.ActiveCfg = Debug|Any CPU
		{E12ADDAA-975C-4A43-8D88-32AA590128A4}.Debug|x64.Build.0 = Debug|Any CPU
		{E12ADDAA-975C-4A43-8D88-32AA590128A4}.Debug|x86.ActiveCfg = Debug|Any CPU
		{E12ADDAA-975C-4A43-8D88-32AA590128A4}.Debug|x86.Build.0 = Debug|Any CPU
		{E12ADDAA-975C-4A43-8D88-32AA590128A4}.Release|Any CPU.ActiveCfg = Release|Any CPU
		{E12ADDAA-975C-4A43-8D88-32AA590128A4}.Release|Any CPU.Build.0 = Release|Any CPU
		{E12ADDAA-975C-4A43-8D88-32AA590128A4}.Release|x64.ActiveCfg = Release|Any CPU
		{E12ADDAA-975C-4A43-8D88-32AA590128A4}.Release|x64.Build.0 = Release|Any CPU
		{E12ADDAA-975C-4A43-8D88-32AA590128A4}.Release|x86.ActiveCfg = Release|Any CPU
		{E12ADDAA-975C-4A43-8D88-32AA590128A4}.Release|x86.Build.0 = Release|Any CPU
		{FE8FE8DB-E4DB-47A1-84BB-CF3851315C58}.Debug|Any CPU.ActiveCfg = Debug|Any CPU
		{FE8FE8DB-E4DB-47A1-84BB-CF3851315C58}.Debug|Any CPU.Build.0 = Debug|Any CPU
		{FE8FE8DB-E4DB-47A1-84BB-CF3851315C58}.Debug|x64.ActiveCfg = Debug|Any CPU
		{FE8FE8DB-E4DB-47A1-84BB-CF3851315C58}.Debug|x64.Build.0 = Debug|Any CPU
		{FE8FE8DB-E4DB-47A1-84BB-CF3851315C58}.Debug|x86.ActiveCfg = Debug|Any CPU
		{FE8FE8DB-E4DB-47A1-84BB-CF3851315C58}.Debug|x86.Build.0 = Debug|Any CPU
		{FE8FE8DB-E4DB-47A1-84BB-CF3851315C58}.Release|Any CPU.ActiveCfg = Release|Any CPU
		{FE8FE8DB-E4DB-47A1-84BB-CF3851315C58}.Release|Any CPU.Build.0 = Release|Any CPU
		{FE8FE8DB-E4DB-47A1-84BB-CF3851315C58}.Release|x64.ActiveCfg = Release|Any CPU
		{FE8FE8DB-E4DB-47A1-84BB-CF3851315C58}.Release|x64.Build.0 = Release|Any CPU
		{FE8FE8DB-E4DB-47A1-84BB-CF3851315C58}.Release|x86.ActiveCfg = Release|Any CPU
		{FE8FE8DB-E4DB-47A1-84BB-CF3851315C58}.Release|x86.Build.0 = Release|Any CPU
		{2C0A560A-CB6A-41DD-926C-D19DEA95B95A}.Debug|Any CPU.ActiveCfg = Debug|Any CPU
		{2C0A560A-CB6A-41DD-926C-D19DEA95B95A}.Debug|Any CPU.Build.0 = Debug|Any CPU
		{2C0A560A-CB6A-41DD-926C-D19DEA95B95A}.Debug|x64.ActiveCfg = Debug|Any CPU
		{2C0A560A-CB6A-41DD-926C-D19DEA95B95A}.Debug|x64.Build.0 = Debug|Any CPU
		{2C0A560A-CB6A-41DD-926C-D19DEA95B95A}.Debug|x86.ActiveCfg = Debug|Any CPU
		{2C0A560A-CB6A-41DD-926C-D19DEA95B95A}.Debug|x86.Build.0 = Debug|Any CPU
		{2C0A560A-CB6A-41DD-926C-D19DEA95B95A}.Release|Any CPU.ActiveCfg = Release|Any CPU
		{2C0A560A-CB6A-41DD-926C-D19DEA95B95A}.Release|Any CPU.Build.0 = Release|Any CPU
		{2C0A560A-CB6A-41DD-926C-D19DEA95B95A}.Release|x64.ActiveCfg = Release|Any CPU
		{2C0A560A-CB6A-41DD-926C-D19DEA95B95A}.Release|x64.Build.0 = Release|Any CPU
		{2C0A560A-CB6A-41DD-926C-D19DEA95B95A}.Release|x86.ActiveCfg = Release|Any CPU
		{2C0A560A-CB6A-41DD-926C-D19DEA95B95A}.Release|x86.Build.0 = Release|Any CPU
		{DA5735E5-2F4D-490B-A1A4-7719F26BD1C4}.Debug|Any CPU.ActiveCfg = Debug|Any CPU
		{DA5735E5-2F4D-490B-A1A4-7719F26BD1C4}.Debug|Any CPU.Build.0 = Debug|Any CPU
		{DA5735E5-2F4D-490B-A1A4-7719F26BD1C4}.Debug|x64.ActiveCfg = Debug|Any CPU
		{DA5735E5-2F4D-490B-A1A4-7719F26BD1C4}.Debug|x64.Build.0 = Debug|Any CPU
		{DA5735E5-2F4D-490B-A1A4-7719F26BD1C4}.Debug|x86.ActiveCfg = Debug|Any CPU
		{DA5735E5-2F4D-490B-A1A4-7719F26BD1C4}.Debug|x86.Build.0 = Debug|Any CPU
		{DA5735E5-2F4D-490B-A1A4-7719F26BD1C4}.Release|Any CPU.ActiveCfg = Release|Any CPU
		{DA5735E5-2F4D-490B-A1A4-7719F26BD1C4}.Release|Any CPU.Build.0 = Release|Any CPU
		{DA5735E5-2F4D-490B-A1A4-7719F26BD1C4}.Release|x64.ActiveCfg = Release|Any CPU
		{DA5735E5-2F4D-490B-A1A4-7719F26BD1C4}.Release|x64.Build.0 = Release|Any CPU
		{DA5735E5-2F4D-490B-A1A4-7719F26BD1C4}.Release|x86.ActiveCfg = Release|Any CPU
		{DA5735E5-2F4D-490B-A1A4-7719F26BD1C4}.Release|x86.Build.0 = Release|Any CPU
		{3DB187DB-0F97-4FC7-8D0B-F5C40692B74C}.Debug|Any CPU.ActiveCfg = Debug|Any CPU
		{3DB187DB-0F97-4FC7-8D0B-F5C40692B74C}.Debug|Any CPU.Build.0 = Debug|Any CPU
		{3DB187DB-0F97-4FC7-8D0B-F5C40692B74C}.Debug|x64.ActiveCfg = Debug|Any CPU
		{3DB187DB-0F97-4FC7-8D0B-F5C40692B74C}.Debug|x64.Build.0 = Debug|Any CPU
		{3DB187DB-0F97-4FC7-8D0B-F5C40692B74C}.Debug|x86.ActiveCfg = Debug|Any CPU
		{3DB187DB-0F97-4FC7-8D0B-F5C40692B74C}.Debug|x86.Build.0 = Debug|Any CPU
		{3DB187DB-0F97-4FC7-8D0B-F5C40692B74C}.Release|Any CPU.ActiveCfg = Release|Any CPU
		{3DB187DB-0F97-4FC7-8D0B-F5C40692B74C}.Release|Any CPU.Build.0 = Release|Any CPU
		{3DB187DB-0F97-4FC7-8D0B-F5C40692B74C}.Release|x64.ActiveCfg = Release|Any CPU
		{3DB187DB-0F97-4FC7-8D0B-F5C40692B74C}.Release|x64.Build.0 = Release|Any CPU
		{3DB187DB-0F97-4FC7-8D0B-F5C40692B74C}.Release|x86.ActiveCfg = Release|Any CPU
		{3DB187DB-0F97-4FC7-8D0B-F5C40692B74C}.Release|x86.Build.0 = Release|Any CPU
		{0F1EB05F-877D-447A-AC97-C5AC1BD1D18D}.Debug|Any CPU.ActiveCfg = Debug|Any CPU
		{0F1EB05F-877D-447A-AC97-C5AC1BD1D18D}.Debug|Any CPU.Build.0 = Debug|Any CPU
		{0F1EB05F-877D-447A-AC97-C5AC1BD1D18D}.Debug|x64.ActiveCfg = Debug|Any CPU
		{0F1EB05F-877D-447A-AC97-C5AC1BD1D18D}.Debug|x64.Build.0 = Debug|Any CPU
		{0F1EB05F-877D-447A-AC97-C5AC1BD1D18D}.Debug|x86.ActiveCfg = Debug|Any CPU
		{0F1EB05F-877D-447A-AC97-C5AC1BD1D18D}.Debug|x86.Build.0 = Debug|Any CPU
		{0F1EB05F-877D-447A-AC97-C5AC1BD1D18D}.Release|Any CPU.ActiveCfg = Release|Any CPU
		{0F1EB05F-877D-447A-AC97-C5AC1BD1D18D}.Release|Any CPU.Build.0 = Release|Any CPU
		{0F1EB05F-877D-447A-AC97-C5AC1BD1D18D}.Release|x64.ActiveCfg = Release|Any CPU
		{0F1EB05F-877D-447A-AC97-C5AC1BD1D18D}.Release|x64.Build.0 = Release|Any CPU
		{0F1EB05F-877D-447A-AC97-C5AC1BD1D18D}.Release|x86.ActiveCfg = Release|Any CPU
		{0F1EB05F-877D-447A-AC97-C5AC1BD1D18D}.Release|x86.Build.0 = Release|Any CPU
		{C493B527-74AD-4959-901D-CB2A929977AC}.Debug|Any CPU.ActiveCfg = Debug|Any CPU
		{C493B527-74AD-4959-901D-CB2A929977AC}.Debug|Any CPU.Build.0 = Debug|Any CPU
		{C493B527-74AD-4959-901D-CB2A929977AC}.Debug|x64.ActiveCfg = Debug|Any CPU
		{C493B527-74AD-4959-901D-CB2A929977AC}.Debug|x64.Build.0 = Debug|Any CPU
		{C493B527-74AD-4959-901D-CB2A929977AC}.Debug|x86.ActiveCfg = Debug|Any CPU
		{C493B527-74AD-4959-901D-CB2A929977AC}.Debug|x86.Build.0 = Debug|Any CPU
		{C493B527-74AD-4959-901D-CB2A929977AC}.Release|Any CPU.ActiveCfg = Release|Any CPU
		{C493B527-74AD-4959-901D-CB2A929977AC}.Release|Any CPU.Build.0 = Release|Any CPU
		{C493B527-74AD-4959-901D-CB2A929977AC}.Release|x64.ActiveCfg = Release|Any CPU
		{C493B527-74AD-4959-901D-CB2A929977AC}.Release|x64.Build.0 = Release|Any CPU
		{C493B527-74AD-4959-901D-CB2A929977AC}.Release|x86.ActiveCfg = Release|Any CPU
		{C493B527-74AD-4959-901D-CB2A929977AC}.Release|x86.Build.0 = Release|Any CPU
		{DB2CC1D5-30A6-461C-88BF-BD23687EB138}.Debug|Any CPU.ActiveCfg = Debug|Any CPU
		{DB2CC1D5-30A6-461C-88BF-BD23687EB138}.Debug|Any CPU.Build.0 = Debug|Any CPU
		{DB2CC1D5-30A6-461C-88BF-BD23687EB138}.Debug|x64.ActiveCfg = Debug|Any CPU
		{DB2CC1D5-30A6-461C-88BF-BD23687EB138}.Debug|x64.Build.0 = Debug|Any CPU
		{DB2CC1D5-30A6-461C-88BF-BD23687EB138}.Debug|x86.ActiveCfg = Debug|Any CPU
		{DB2CC1D5-30A6-461C-88BF-BD23687EB138}.Debug|x86.Build.0 = Debug|Any CPU
		{DB2CC1D5-30A6-461C-88BF-BD23687EB138}.Release|Any CPU.ActiveCfg = Release|Any CPU
		{DB2CC1D5-30A6-461C-88BF-BD23687EB138}.Release|Any CPU.Build.0 = Release|Any CPU
		{DB2CC1D5-30A6-461C-88BF-BD23687EB138}.Release|x64.ActiveCfg = Release|Any CPU
		{DB2CC1D5-30A6-461C-88BF-BD23687EB138}.Release|x64.Build.0 = Release|Any CPU
		{DB2CC1D5-30A6-461C-88BF-BD23687EB138}.Release|x86.ActiveCfg = Release|Any CPU
		{DB2CC1D5-30A6-461C-88BF-BD23687EB138}.Release|x86.Build.0 = Release|Any CPU
		{52D47711-12E4-4D62-9F37-40E3BAB9A6BD}.Debug|Any CPU.ActiveCfg = Debug|Any CPU
		{52D47711-12E4-4D62-9F37-40E3BAB9A6BD}.Debug|Any CPU.Build.0 = Debug|Any CPU
		{52D47711-12E4-4D62-9F37-40E3BAB9A6BD}.Debug|x64.ActiveCfg = Debug|Any CPU
		{52D47711-12E4-4D62-9F37-40E3BAB9A6BD}.Debug|x64.Build.0 = Debug|Any CPU
		{52D47711-12E4-4D62-9F37-40E3BAB9A6BD}.Debug|x86.ActiveCfg = Debug|Any CPU
		{52D47711-12E4-4D62-9F37-40E3BAB9A6BD}.Debug|x86.Build.0 = Debug|Any CPU
		{52D47711-12E4-4D62-9F37-40E3BAB9A6BD}.Release|Any CPU.ActiveCfg = Release|Any CPU
		{52D47711-12E4-4D62-9F37-40E3BAB9A6BD}.Release|Any CPU.Build.0 = Release|Any CPU
		{52D47711-12E4-4D62-9F37-40E3BAB9A6BD}.Release|x64.ActiveCfg = Release|Any CPU
		{52D47711-12E4-4D62-9F37-40E3BAB9A6BD}.Release|x64.Build.0 = Release|Any CPU
		{52D47711-12E4-4D62-9F37-40E3BAB9A6BD}.Release|x86.ActiveCfg = Release|Any CPU
		{52D47711-12E4-4D62-9F37-40E3BAB9A6BD}.Release|x86.Build.0 = Release|Any CPU
		{9CD11685-BB5E-4CE9-8E79-29E98C3F21A6}.Debug|Any CPU.ActiveCfg = Debug|Any CPU
		{9CD11685-BB5E-4CE9-8E79-29E98C3F21A6}.Debug|Any CPU.Build.0 = Debug|Any CPU
		{9CD11685-BB5E-4CE9-8E79-29E98C3F21A6}.Debug|x64.ActiveCfg = Debug|Any CPU
		{9CD11685-BB5E-4CE9-8E79-29E98C3F21A6}.Debug|x64.Build.0 = Debug|Any CPU
		{9CD11685-BB5E-4CE9-8E79-29E98C3F21A6}.Debug|x86.ActiveCfg = Debug|Any CPU
		{9CD11685-BB5E-4CE9-8E79-29E98C3F21A6}.Debug|x86.Build.0 = Debug|Any CPU
		{9CD11685-BB5E-4CE9-8E79-29E98C3F21A6}.Release|Any CPU.ActiveCfg = Release|Any CPU
		{9CD11685-BB5E-4CE9-8E79-29E98C3F21A6}.Release|Any CPU.Build.0 = Release|Any CPU
		{9CD11685-BB5E-4CE9-8E79-29E98C3F21A6}.Release|x64.ActiveCfg = Release|Any CPU
		{9CD11685-BB5E-4CE9-8E79-29E98C3F21A6}.Release|x64.Build.0 = Release|Any CPU
		{9CD11685-BB5E-4CE9-8E79-29E98C3F21A6}.Release|x86.ActiveCfg = Release|Any CPU
		{9CD11685-BB5E-4CE9-8E79-29E98C3F21A6}.Release|x86.Build.0 = Release|Any CPU
		{EB2F6F6D-4C54-4BAD-8F1A-5C4D32002217}.Debug|Any CPU.ActiveCfg = Debug|Any CPU
		{EB2F6F6D-4C54-4BAD-8F1A-5C4D32002217}.Debug|Any CPU.Build.0 = Debug|Any CPU
		{EB2F6F6D-4C54-4BAD-8F1A-5C4D32002217}.Debug|x64.ActiveCfg = Debug|Any CPU
		{EB2F6F6D-4C54-4BAD-8F1A-5C4D32002217}.Debug|x64.Build.0 = Debug|Any CPU
		{EB2F6F6D-4C54-4BAD-8F1A-5C4D32002217}.Debug|x86.ActiveCfg = Debug|Any CPU
		{EB2F6F6D-4C54-4BAD-8F1A-5C4D32002217}.Debug|x86.Build.0 = Debug|Any CPU
		{EB2F6F6D-4C54-4BAD-8F1A-5C4D32002217}.Release|Any CPU.ActiveCfg = Release|Any CPU
		{EB2F6F6D-4C54-4BAD-8F1A-5C4D32002217}.Release|Any CPU.Build.0 = Release|Any CPU
		{EB2F6F6D-4C54-4BAD-8F1A-5C4D32002217}.Release|x64.ActiveCfg = Release|Any CPU
		{EB2F6F6D-4C54-4BAD-8F1A-5C4D32002217}.Release|x64.Build.0 = Release|Any CPU
		{EB2F6F6D-4C54-4BAD-8F1A-5C4D32002217}.Release|x86.ActiveCfg = Release|Any CPU
		{EB2F6F6D-4C54-4BAD-8F1A-5C4D32002217}.Release|x86.Build.0 = Release|Any CPU
		{B392861F-7DA8-4442-B83D-9032B1718160}.Debug|Any CPU.ActiveCfg = Debug|Any CPU
		{B392861F-7DA8-4442-B83D-9032B1718160}.Debug|Any CPU.Build.0 = Debug|Any CPU
		{B392861F-7DA8-4442-B83D-9032B1718160}.Debug|x64.ActiveCfg = Debug|Any CPU
		{B392861F-7DA8-4442-B83D-9032B1718160}.Debug|x64.Build.0 = Debug|Any CPU
		{B392861F-7DA8-4442-B83D-9032B1718160}.Debug|x86.ActiveCfg = Debug|Any CPU
		{B392861F-7DA8-4442-B83D-9032B1718160}.Debug|x86.Build.0 = Debug|Any CPU
		{B392861F-7DA8-4442-B83D-9032B1718160}.Release|Any CPU.ActiveCfg = Release|Any CPU
		{B392861F-7DA8-4442-B83D-9032B1718160}.Release|Any CPU.Build.0 = Release|Any CPU
		{B392861F-7DA8-4442-B83D-9032B1718160}.Release|x64.ActiveCfg = Release|Any CPU
		{B392861F-7DA8-4442-B83D-9032B1718160}.Release|x64.Build.0 = Release|Any CPU
		{B392861F-7DA8-4442-B83D-9032B1718160}.Release|x86.ActiveCfg = Release|Any CPU
		{B392861F-7DA8-4442-B83D-9032B1718160}.Release|x86.Build.0 = Release|Any CPU
		{3E1E0388-A047-439D-8D87-5A9036557835}.Debug|Any CPU.ActiveCfg = Debug|Any CPU
		{3E1E0388-A047-439D-8D87-5A9036557835}.Debug|Any CPU.Build.0 = Debug|Any CPU
		{3E1E0388-A047-439D-8D87-5A9036557835}.Debug|x64.ActiveCfg = Debug|Any CPU
		{3E1E0388-A047-439D-8D87-5A9036557835}.Debug|x64.Build.0 = Debug|Any CPU
		{3E1E0388-A047-439D-8D87-5A9036557835}.Debug|x86.ActiveCfg = Debug|Any CPU
		{3E1E0388-A047-439D-8D87-5A9036557835}.Debug|x86.Build.0 = Debug|Any CPU
		{3E1E0388-A047-439D-8D87-5A9036557835}.Release|Any CPU.ActiveCfg = Release|Any CPU
		{3E1E0388-A047-439D-8D87-5A9036557835}.Release|Any CPU.Build.0 = Release|Any CPU
		{3E1E0388-A047-439D-8D87-5A9036557835}.Release|x64.ActiveCfg = Release|Any CPU
		{3E1E0388-A047-439D-8D87-5A9036557835}.Release|x64.Build.0 = Release|Any CPU
		{3E1E0388-A047-439D-8D87-5A9036557835}.Release|x86.ActiveCfg = Release|Any CPU
		{3E1E0388-A047-439D-8D87-5A9036557835}.Release|x86.Build.0 = Release|Any CPU
		{35F986CB-CEEF-4176-B76E-C07F91CD9787}.Debug|Any CPU.ActiveCfg = Debug|Any CPU
		{35F986CB-CEEF-4176-B76E-C07F91CD9787}.Debug|Any CPU.Build.0 = Debug|Any CPU
		{35F986CB-CEEF-4176-B76E-C07F91CD9787}.Debug|x64.ActiveCfg = Debug|Any CPU
		{35F986CB-CEEF-4176-B76E-C07F91CD9787}.Debug|x64.Build.0 = Debug|Any CPU
		{35F986CB-CEEF-4176-B76E-C07F91CD9787}.Debug|x86.ActiveCfg = Debug|Any CPU
		{35F986CB-CEEF-4176-B76E-C07F91CD9787}.Debug|x86.Build.0 = Debug|Any CPU
		{35F986CB-CEEF-4176-B76E-C07F91CD9787}.Release|Any CPU.ActiveCfg = Release|Any CPU
		{35F986CB-CEEF-4176-B76E-C07F91CD9787}.Release|Any CPU.Build.0 = Release|Any CPU
		{35F986CB-CEEF-4176-B76E-C07F91CD9787}.Release|x64.ActiveCfg = Release|Any CPU
		{35F986CB-CEEF-4176-B76E-C07F91CD9787}.Release|x64.Build.0 = Release|Any CPU
		{35F986CB-CEEF-4176-B76E-C07F91CD9787}.Release|x86.ActiveCfg = Release|Any CPU
		{35F986CB-CEEF-4176-B76E-C07F91CD9787}.Release|x86.Build.0 = Release|Any CPU
	EndGlobalSection
	GlobalSection(SolutionProperties) = preSolution
		HideSolutionNode = FALSE
	EndGlobalSection
	GlobalSection(NestedProjects) = preSolution
		{E12ADDAA-975C-4A43-8D88-32AA590128A4} = {827E0CD3-B72D-47B6-A68D-7590B98EB39B}
		{CB753486-031C-08A7-C788-4C8CBC49DED1} = {827E0CD3-B72D-47B6-A68D-7590B98EB39B}
		{FE8FE8DB-E4DB-47A1-84BB-CF3851315C58} = {CB753486-031C-08A7-C788-4C8CBC49DED1}
		{2C0A560A-CB6A-41DD-926C-D19DEA95B95A} = {CB753486-031C-08A7-C788-4C8CBC49DED1}
		{DA5735E5-2F4D-490B-A1A4-7719F26BD1C4} = {CB753486-031C-08A7-C788-4C8CBC49DED1}
		{3DB187DB-0F97-4FC7-8D0B-F5C40692B74C} = {CB753486-031C-08A7-C788-4C8CBC49DED1}
		{C8A81FA1-00A6-A89E-D121-D71451D98C8A} = {827E0CD3-B72D-47B6-A68D-7590B98EB39B}
		{0F1EB05F-877D-447A-AC97-C5AC1BD1D18D} = {C8A81FA1-00A6-A89E-D121-D71451D98C8A}
		{C493B527-74AD-4959-901D-CB2A929977AC} = {C8A81FA1-00A6-A89E-D121-D71451D98C8A}
		{DB2CC1D5-30A6-461C-88BF-BD23687EB138} = {C8A81FA1-00A6-A89E-D121-D71451D98C8A}
		{52D47711-12E4-4D62-9F37-40E3BAB9A6BD} = {C8A81FA1-00A6-A89E-D121-D71451D98C8A}
		{9CD11685-BB5E-4CE9-8E79-29E98C3F21A6} = {827E0CD3-B72D-47B6-A68D-7590B98EB39B}
		{EB2F6F6D-4C54-4BAD-8F1A-5C4D32002217} = {827E0CD3-B72D-47B6-A68D-7590B98EB39B}
		{B392861F-7DA8-4442-B83D-9032B1718160} = {827E0CD3-B72D-47B6-A68D-7590B98EB39B}
		{3E1E0388-A047-439D-8D87-5A9036557835} = {0AB3BF05-4346-4AA6-1389-037BE0695223}
		{35F986CB-CEEF-4176-B76E-C07F91CD9787} = {0AB3BF05-4346-4AA6-1389-037BE0695223}
	EndGlobalSection
EndGlobal
